{
  "version": 4,
  "terraform_version": "1.12.2",
  "serial": 49,
  "lineage": "e4e0f2c1-37e9-fc8d-7630-0c4c697ced83",
  "outputs": {
    "instance_id": {
      "value": "i-0fa33cb5f9b5a4a92",
      "type": "string"
    },
    "instance_public_dns": {
      "value": "ec2-18-140-1-120.ap-southeast-1.compute.amazonaws.com",
      "type": "string"
    },
    "instance_public_ip": {
      "value": "18.140.1.120",
      "type": "string"
    }
  },
  "resources": [
    {
      "mode": "data",
      "type": "aws_ami",
      "name": "ubuntu",
      "provider": "provider[\"registry.terraform.io/hashicorp/aws\"]",
      "instances": [
        {
          "schema_version": 0,
          "attributes": {
            "allow_unsafe_filter": null,
            "architecture": "x86_64",
            "arn": "arn:aws:ec2:ap-southeast-1::image/ami-08b138b7cf65145b1",
            "block_device_mappings": [
              {
                "device_name": "/dev/sda1",
                "ebs": {
                  "delete_on_termination": "true",
                  "encrypted": "false",
                  "iops": "0",
                  "snapshot_id": "snap-0db33e9b8f8d86183",
                  "throughput": "0",
                  "volume_initialization_rate": "0",
                  "volume_size": "8",
                  "volume_type": "gp2"
                },
                "no_device": "",
                "virtual_name": ""
              },
              {
                "device_name": "/dev/sdb",
                "ebs": {},
                "no_device": "",
                "virtual_name": "ephemeral0"
              },
              {
                "device_name": "/dev/sdc",
                "ebs": {},
                "no_device": "",
                "virtual_name": "ephemeral1"
              }
            ],
            "boot_mode": "legacy-bios",
            "creation_date": "2025-06-25T05:33:04.000Z",
            "deprecation_time": "2027-06-25T05:33:04.000Z",
            "description": "Canonical, Ubuntu, 20.04, amd64 focal image",
            "ena_support": true,
            "executable_users": null,
            "filter": [
              {
                "name": "name",
                "values": [
                  "ubuntu/images/hvm-ssd/ubuntu-focal-20.04-amd64-server-*"
                ]
              },
              {
                "name": "virtualization-type",
                "values": [
                  "hvm"
                ]
              }
            ],
            "hypervisor": "xen",
            "id": "ami-08b138b7cf65145b1",
            "image_id": "ami-08b138b7cf65145b1",
            "image_location": "amazon/ubuntu/images/hvm-ssd/ubuntu-focal-20.04-amd64-server-20250624",
            "image_owner_alias": "amazon",
            "image_type": "machine",
            "imds_support": "",
            "include_deprecated": false,
            "kernel_id": "",
            "last_launched_time": "",
            "most_recent": true,
            "name": "ubuntu/images/hvm-ssd/ubuntu-focal-20.04-amd64-server-20250624",
            "name_regex": null,
            "owner_id": "099720109477",
            "owners": [
              "099720109477"
            ],
            "platform": "",
            "platform_details": "Linux/UNIX",
            "product_codes": [],
            "public": true,
            "ramdisk_id": "",
            "region": "ap-southeast-1",
            "root_device_name": "/dev/sda1",
            "root_device_type": "ebs",
            "root_snapshot_id": "snap-0db33e9b8f8d86183",
            "sriov_net_support": "simple",
            "state": "available",
            "state_reason": {
              "code": "UNSET",
              "message": "UNSET"
            },
            "tags": {},
            "timeouts": null,
            "tpm_support": "",
            "uefi_data": null,
            "usage_operation": "RunInstances",
            "virtualization_type": "hvm"
          },
          "sensitive_attributes": [],
          "identity_schema_version": 0
        }
      ]
    },
    {
      "module": "module.compute",
      "mode": "data",
      "type": "aws_ami",
      "name": "ubuntu",
      "provider": "provider[\"registry.terraform.io/hashicorp/aws\"]",
      "instances": [
        {
          "schema_version": 0,
          "attributes": {
            "allow_unsafe_filter": null,
            "architecture": "x86_64",
            "arn": "arn:aws:ec2:ap-southeast-1::image/ami-08b138b7cf65145b1",
            "block_device_mappings": [
              {
                "device_name": "/dev/sda1",
                "ebs": {
                  "delete_on_termination": "true",
                  "encrypted": "false",
                  "iops": "0",
                  "snapshot_id": "snap-0db33e9b8f8d86183",
                  "throughput": "0",
                  "volume_initialization_rate": "0",
                  "volume_size": "8",
                  "volume_type": "gp2"
                },
                "no_device": "",
                "virtual_name": ""
              },
              {
                "device_name": "/dev/sdb",
                "ebs": {},
                "no_device": "",
                "virtual_name": "ephemeral0"
              },
              {
                "device_name": "/dev/sdc",
                "ebs": {},
                "no_device": "",
                "virtual_name": "ephemeral1"
              }
            ],
            "boot_mode": "legacy-bios",
            "creation_date": "2025-06-25T05:33:04.000Z",
            "deprecation_time": "2027-06-25T05:33:04.000Z",
            "description": "Canonical, Ubuntu, 20.04, amd64 focal image",
            "ena_support": true,
            "executable_users": null,
            "filter": [
              {
                "name": "name",
                "values": [
                  "ubuntu/images/hvm-ssd/ubuntu-focal-20.04-amd64-server-*"
                ]
              },
              {
                "name": "virtualization-type",
                "values": [
                  "hvm"
                ]
              }
            ],
            "hypervisor": "xen",
            "id": "ami-08b138b7cf65145b1",
            "image_id": "ami-08b138b7cf65145b1",
            "image_location": "amazon/ubuntu/images/hvm-ssd/ubuntu-focal-20.04-amd64-server-20250624",
            "image_owner_alias": "amazon",
            "image_type": "machine",
            "imds_support": "",
            "include_deprecated": false,
            "kernel_id": "",
            "last_launched_time": "",
            "most_recent": true,
            "name": "ubuntu/images/hvm-ssd/ubuntu-focal-20.04-amd64-server-20250624",
            "name_regex": null,
            "owner_id": "099720109477",
            "owners": [
              "099720109477"
            ],
            "platform": "",
            "platform_details": "Linux/UNIX",
            "product_codes": [],
            "public": true,
            "ramdisk_id": "",
            "region": "ap-southeast-1",
            "root_device_name": "/dev/sda1",
            "root_device_type": "ebs",
            "root_snapshot_id": "snap-0db33e9b8f8d86183",
            "sriov_net_support": "simple",
            "state": "available",
            "state_reason": {
              "code": "UNSET",
              "message": "UNSET"
            },
            "tags": {},
            "timeouts": null,
            "tpm_support": "",
            "uefi_data": null,
            "usage_operation": "RunInstances",
            "virtualization_type": "hvm"
          },
          "sensitive_attributes": [],
          "identity_schema_version": 0
        }
      ]
    },
    {
      "module": "module.compute",
      "mode": "managed",
      "type": "aws_instance",
      "name": "demo_instance",
      "provider": "provider[\"registry.terraform.io/hashicorp/aws\"]",
      "instances": [
        {
          "schema_version": 2,
          "attributes": {
            "ami": "ami-08b138b7cf65145b1",
            "arn": "arn:aws:ec2:ap-southeast-1:535002865174:instance/i-0fa33cb5f9b5a4a92",
            "associate_public_ip_address": true,
            "availability_zone": "ap-southeast-1a",
            "capacity_reservation_specification": [
              {
                "capacity_reservation_preference": "open",
                "capacity_reservation_target": []
              }
            ],
            "cpu_options": [
              {
                "amd_sev_snp": "",
                "core_count": 1,
                "threads_per_core": 2
              }
            ],
            "credit_specification": [
              {
                "cpu_credits": "unlimited"
              }
            ],
            "disable_api_stop": false,
            "disable_api_termination": false,
            "ebs_block_device": [],
            "ebs_optimized": false,
            "enable_primary_ipv6": null,
            "enclave_options": [
              {
                "enabled": false
              }
            ],
            "ephemeral_block_device": [],
            "force_destroy": false,
            "get_password_data": false,
            "hibernation": false,
            "host_id": "",
            "host_resource_group_arn": null,
            "iam_instance_profile": "",
            "id": "i-0fa33cb5f9b5a4a92",
            "instance_initiated_shutdown_behavior": "stop",
            "instance_lifecycle": "",
            "instance_market_options": [],
            "instance_state": "running",
            "instance_type": "t3.micro",
            "ipv6_address_count": 0,
            "ipv6_addresses": [],
            "key_name": "demo-key-pair",
            "launch_template": [],
            "maintenance_options": [
              {
                "auto_recovery": "default"
              }
            ],
            "metadata_options": [
              {
                "http_endpoint": "enabled",
                "http_protocol_ipv6": "disabled",
                "http_put_response_hop_limit": 1,
                "http_tokens": "optional",
                "instance_metadata_tags": "disabled"
              }
            ],
            "monitoring": false,
            "network_interface": [],
            "outpost_arn": "",
            "password_data": "",
            "placement_group": "",
            "placement_group_id": "",
            "placement_partition_number": 0,
            "primary_network_interface": [
              {
                "delete_on_termination": true,
                "network_interface_id": "eni-0546f0b4d87af2f85"
              }
            ],
            "primary_network_interface_id": "eni-0546f0b4d87af2f85",
            "private_dns": "ip-10-0-1-126.ap-southeast-1.compute.internal",
            "private_dns_name_options": [
              {
                "enable_resource_name_dns_a_record": false,
                "enable_resource_name_dns_aaaa_record": false,
                "hostname_type": "ip-name"
              }
            ],
            "private_ip": "10.0.1.126",
            "public_dns": "ec2-18-140-1-120.ap-southeast-1.compute.amazonaws.com",
            "public_ip": "18.140.1.120",
            "region": "ap-southeast-1",
            "root_block_device": [
              {
                "delete_on_termination": true,
                "device_name": "/dev/sda1",
                "encrypted": false,
                "iops": 100,
                "kms_key_id": "",
                "tags": {},
                "tags_all": {},
                "throughput": 0,
                "volume_id": "vol-0f5fcdaea8cfcef14",
                "volume_size": 8,
                "volume_type": "gp2"
              }
            ],
            "secondary_private_ips": [],
            "security_groups": [],
            "source_dest_check": true,
            "spot_instance_request_id": "",
            "subnet_id": "subnet-0a792997ad360787e",
            "tags": {
              "Name": "demo-instance"
            },
            "tags_all": {
              "Name": "demo-instance"
            },
            "tenancy": "default",
            "timeouts": null,
            "user_data": "#!/bin/bash -xe\r\nsudo apt update -y\r\nsudo apt upgrade -y\r\nsudo apt install -y docker.io\r\nsudo systemctl start docker\r\nsudo systemctl enable docker\r\nsudo usermod -aG docker ubuntu\r\n",
            "user_data_base64": null,
            "user_data_replace_on_change": false,
            "volume_tags": null,
            "vpc_security_group_ids": [
              "sg-0f93c105844563af6"
            ]
          },
          "sensitive_attributes": [],
          "identity_schema_version": 0,
          "identity": {
            "account_id": "535002865174",
            "id": "i-0fa33cb5f9b5a4a92",
            "region": "ap-southeast-1"
          },
          "private": "eyJlMmJmYjczMC1lY2FhLTExZTYtOGY4OC0zNDM2M2JjN2M0YzAiOnsiY3JlYXRlIjo2MDAwMDAwMDAwMDAsImRlbGV0ZSI6MTIwMDAwMDAwMDAwMCwicmVhZCI6OTAwMDAwMDAwMDAwLCJ1cGRhdGUiOjYwMDAwMDAwMDAwMH0sInNjaGVtYV92ZXJzaW9uIjoiMiJ9",
          "dependencies": [
            "data.aws_ami.ubuntu",
            "module.compute.aws_key_pair.demo_key_pair",
            "module.compute.tls_private_key.demo_key",
            "module.networking.aws_security_group.demo-sg",
            "module.networking.aws_subnet.main-demo-subnet",
            "module.networking.aws_vpc.demo-vpc",
            "module.networking.data.aws_availability_zones.available"
          ]
        }
      ]
    },
    {
      "module": "module.compute",
      "mode": "managed",
      "type": "aws_key_pair",
      "name": "demo_key_pair",
      "provider": "provider[\"registry.terraform.io/hashicorp/aws\"]",
      "instances": [
        {
          "schema_version": 1,
          "attributes": {
            "arn": "arn:aws:ec2:ap-southeast-1:535002865174:key-pair/demo-key-pair",
            "fingerprint": "ba:22:b0:b9:9c:3d:ba:61:e3:d3:68:0e:1f:ef:8a:d6",
            "id": "demo-key-pair",
            "key_name": "demo-key-pair",
            "key_name_prefix": "",
            "key_pair_id": "key-082d86d6fcc770b16",
            "key_type": "rsa",
            "public_key": "ssh-rsa AAAAB3NzaC1yc2EAAAADAQABAAACAQC/XnefDBGhcAGYUcVimm/ZmOfz3Wxu0FtfwC4/Zhe6kBWic3SOTflIiQQSvuhons5tsDK9k0Mto/sAbpoS22QXwVFlQdhILF4nPl0lZFNHD5j7Dh+Py9e+gtf1yuIYcv4A5uFVWnseH8YqCat+2kGfGU9xXVAORp1TeQTo6R5GkjyVHmt0lN9K++9ftsAzwlCmOZfExweHWx35OWAwjl9G9dNWDHbr2zyknOIFzSNAjIuJ6uTDslZsxSMH/7iqYOqlPsQtQ7K70FYlMu8Y4oJ+2A6IGMwrp0oEzlfTSleTmsTgjYyPp7UDbxopMwzf2ULJ2uTm/xdTzBirV3ECbfUlNIBiIWJuT7TsgcdCw4gnwECog8+YKXGG8EDwrcYiqbCdIiVxJdR/QQDhtbEfTYYXKIMQZu95qckVDvdosh+l8a9H/TLAFKcegxHAz22GbpxtETKKZAYyK1Z5dHrfKg9Pacpymve8iJVbwOhokBGQae+OYansSrhRqX2Uih05yq7pbWFqTjeB1UoAjt+M2q1ZN8fZQtXNSDuEPx0kIT2nSLtsE9XY5iLycAbqN4CLf0tBn+zpLRL490KRudsmVmvdO989CTH343PaZYbxVxkmCfCKQCHFPQHKf5e0ngwA50Uwc4RBUFXZ1FDFosTN64ef8sft+6PLM9iYy7uJ+k4hLw==",
            "region": "ap-southeast-1",
            "tags": {},
            "tags_all": {}
          },
          "sensitive_attributes": [],
          "identity_schema_version": 0,
          "private": "eyJzY2hlbWFfdmVyc2lvbiI6IjEifQ==",
          "dependencies": [
            "module.compute.tls_private_key.demo_key"
          ]
        }
      ]
    },
    {
      "module": "module.compute",
      "mode": "managed",
      "type": "local_file",
      "name": "private_key_pem",
      "provider": "provider[\"registry.terraform.io/hashicorp/local\"]",
      "instances": [
        {
          "schema_version": 0,
          "attributes": {
            "content": "-----BEGIN RSA PRIVATE KEY-----\nMIIJKAIBAAKCAgEAv153nwwRoXABmFHFYppv2Zjn891sbtBbX8AuP2YXupAVonN0\njk35SIkEEr7oaJ7ObbAyvZNDLaP7AG6aEttkF8FRZUHYSCxeJz5dJWRTRw+Y+w4f\nj8vXvoLX9criGHL+AObhVVp7Hh/GKgmrftpBnxlPcV1QDkadU3kE6OkeRpI8lR5r\ndJTfSvvvX7bAM8JQpjmXxMcHh1sd+TlgMI5fRvXTVgx269s8pJziBc0jQIyLierk\nw7JWbMUjB/+4qmDqpT7ELUOyu9BWJTLvGOKCftgOiBjMK6dKBM5X00pXk5rE4I2M\nj6e1A28aKTMM39lCydrk5v8XU8wYq1dxAm31JTSAYiFibk+07IHHQsOIJ8BAqIPP\nmClxhvBA8K3GIqmwnSIlcSXUf0EA4bWxH02GFyiDEGbveanJFQ73aLIfpfGvR/0y\nwBSnHoMRwM9thm6cbREyimQGMitWeXR63yoPT2nKcpr3vIiVW8DoaJARkGnvjmGp\n7Eq4Ual9lIodOcqu6W1hak43gdVKAI7fjNqtWTfH2ULVzUg7hD8dJCE9p0i7bBPV\n2OYi8nAG6jeAi39LQZ/s6S0S+PdCkbnbJlZr3TvfPQkx9+Nz2mWG8VcZJgnwikAh\nxT0Byn+XtJ4MAOdFMHOEQVBV2dRQxaLEzeuHn/LH7fujyzPYmMu7ifpOIS8CAwEA\nAQKCAgArYrVn/4p3uTcDW3aOlkjJYlsj9I1CykYM/Tr+8JxslYHyJI7GPHNJuJaN\n0W5LWcWfJJU8WYifbk/XlzujDs4wfImBlV39buGhsAfaFFa1A5pBQMBzD1nIPU3M\n0cRUmq1vcuifOzYybC23Fh4lUkISWeCi6O7fba75X7R3QXK1uS22+QCPm7jL/TYV\n0w7cLS+vn9sCp8TTMRsoh5OBLqX3JoBVP9ouOrQS9eZgPlPBrJtuFyzqGSJy4nbA\nt38cUYChGgvL309EOUVuhY+jaqb/LuiMfmK7et/TGxzaMD6OnkYISs8VOoZVUvjx\nYjuG/HCh5tiCbk7RlrH5FofubxNmiOxjQP7/fO6AlVcWAe932RT31wu+kUVO9zR0\nfXZzd4QJzOwEUWOpEMh+shMZc7m5ee/sCndKNqk5QTa8J3q1KtXkpa0ygzXVc4nT\ny4UjxqTrg2vDdjAjiTHD724yS5iw7I65qVkq0pNhkRvY/JaeUtjxx/XpKf6P5RJq\nYey8V6tLBYAPgDavgAdBbze9gXoJhyd0dcwWB/DYI7asLFECKytu7A8s8krEIpIZ\n6Ghbo/hum/P8I+4xk/eOZZa0u3vYsk7Spma2yBd3cvV6bk3zKJq8gyr54JXMSakA\nzy7YLVFZ9Kn+a25XrwLdeLcQmLt/rAxGZjyjOrZ6qsOdWKtvQQKCAQEA+EiV5NFp\nfZJvlUC5MjSE5Ew+pZtI2PNtJLXAPi20bXwMstWIE5J0QL32+Ee4m8IZZdv93Oel\ngLg8Dsu+os582+Fkj5p5/gttdmi51eZRnxfUwzKQSz1f2q1cz/cY8B66r/k6CaKN\ni7MF/vUBAOs/6MuVX/Y8f07k3JUGObiKUYw8ThrjJxwtNWTGtEK7PTiUmmtIWwov\n43jq0liK9gkV85LuYb/r2amGEs8+zakVjqXJhW6iPoQfdTsprpLZeRO/6TMoNGSB\nOgYdnPTxN38CasuA6hFa1N/AmfPMF6S7Wjrk8KK7rQmcGhWM9KM5f5wI6mQrq4mJ\n1BJVlWpk7qC4nwKCAQEAxVENuGjmSne2/bEs0cZstrlv95LfnRBX0D18+NTkHzLs\nAwJJQhaU5ocWQKMhCZUsqmdJxWp5iFstqQXFCbhAmC5QrBtsb00T9YzioZI+15HK\nTLPxp7Hx9d8o0ho6vNWoua97NhHP6xl3wsDim1IYyuWFaemzLFnrjIhasBF2Barz\nroFVSPovdwNr/ASiCjflKI+tGzMZjQc9yY20yc1jMDCfMvZyc2jxu+iB+/riYOoR\ncR1FluMcmRAVfmSNMoSq6iFUqelSJ8DK+TYSqpr5tZRj92mdCRCNeRIIbmzvH6On\nCRoNLV014b86RcdF7RuEKCC6PZR1SAlvVVw0Tml9cQKCAQBM7pjbnPPWABDpK3P3\nFYT0BJgI0pQA/XSdQl/+JEVbA2wf4cBXaDLzeKlVB0wxnzQldsQzted3eh7J6uH4\nKolPzIhPYutYB4x0e0DSAZra9BRuI3XIiozwAnXWztcAWFU6f7w3DhJT7jX2aU5V\nTY+w/5wabv8R541MuDSEoCTj3dM11Gj8TmPHvqE/a8n+z1BkhMeXxhFOp8IDSYJN\neEVAAxAwY7qd6ERuAZ+RNEpEuCQ4Xy6QtnnU5m8k88XFGZSGmt5jVZ0hMJHud4ti\nyc0i8EnSvWvquCZCzeM4lEelTshvs8z5chfXkUPq7cS8QMoWbtGFRonZl5DDSoNZ\n2Z07AoIBAQC61IJvSDQ18qC8GdTcVEt/wJn6C4HcECt1q6L3YW0W9XpvZuzCvOsE\nVIiHb27Kygre1qoNWUH2EI9taV8mUuYmskQEknrb8FmjuWClp/oE17B7bC62oFEA\ng+r89YUEZDI8j6HUko0SiKzTJRvsAZIkG6t1m6jhp8rW6A0mhYIA39uYMjH0xZ/H\nyt+mYySjFEXRYCmChaH93QtuGtVB902hxYgYEy5PhODPEdpyIx3Ssg8N0a+grS7Y\n51fSs5bWbLQAuMqXj6sQpQYLbl3CWLd0bSsyizf760Zpit+c31yT0rtIbPhpKcbp\nF84vX/4gAlviOwrdYAKk0PowEvwb+tqhAoIBAD6opYdyzyqBe3v7t7ohHH34Lr1P\nge8+rsQcmciN/Nt01CwwZeFMSwjwOK+2KddwUzvvDlIuNdz7I4N+jzCPxZApc4Au\ngm59GFoKfGFR/PJWMbDI1GRT6CGL92iaUYfbWt4ujq19cRWMvdQzndnIk7RSYC9P\n5ob7q07UAx0miz+jsUNBovcbluPi8e8brtlvStR1N5qd/szT1HwhxKPYITmJK5Ji\nB0XfBM6w1cEfwd5WSMgWzlOIktaXDdBNTY5d8CTjg45OVSx3mMySL9W5WVEWj0dA\nB0zMU8mlRIdaVwGU3LjoGqf1jikqpEOBjfdlteh1M4mrHQk09MXbxdtsIas=\n-----END RSA PRIVATE KEY-----\n",
            "content_base64": null,
            "content_base64sha256": "7jL9E8fm+RwhwQ8+xSRtXsmXhkTWepWEFboViFnlR0I=",
            "content_base64sha512": "5WOUeptC0QL6TYvvIpHo50HLi2S+AZig+TaUrgleVSPoVbh3w7rklCYttgH0Iw3vxe+EcTlGKx7gZab/DDazbg==",
            "content_md5": "ed8617f2e5bba937290fe33c4ed14608",
            "content_sha1": "355a6af84ffc5dee78952917579f9bac571dc2ca",
            "content_sha256": "ee32fd13c7e6f91c21c10f3ec5246d5ec9978644d67a958415ba158859e54742",
            "content_sha512": "e563947a9b42d102fa4d8bef2291e8e741cb8b64be0198a0f93694ae095e5523e855b877c3bae494262db601f4230defc5ef847139462b1ee065a6ff0c36b36e",
            "directory_permission": "0777",
            "file_permission": "0777",
            "filename": "modules/compute/demo-key-pair.pem",
            "id": "355a6af84ffc5dee78952917579f9bac571dc2ca",
            "sensitive_content": null,
            "source": null
          },
          "sensitive_attributes": [
            [
              {
                "type": "get_attr",
                "value": "content"
              }
            ],
            [
              {
                "type": "get_attr",
                "value": "sensitive_content"
              }
            ]
          ],
          "identity_schema_version": 0,
          "dependencies": [
            "module.compute.tls_private_key.demo_key"
          ]
        }
      ]
    },
    {
      "module": "module.compute",
      "mode": "managed",
      "type": "tls_private_key",
      "name": "demo_key",
      "provider": "provider[\"registry.terraform.io/hashicorp/tls\"]",
      "instances": [
        {
          "schema_version": 1,
          "attributes": {
            "algorithm": "RSA",
            "ecdsa_curve": "P224",
            "id": "dafb7bd7b283e07ee46eb707cb0c65b101a2cfe2",
            "private_key_openssh": "-----BEGIN OPENSSH PRIVATE KEY-----\nb3BlbnNzaC1rZXktdjEAAAAABG5vbmUAAAAEbm9uZQAAAAAAAAABAAACFwAAAAdz\nc2gtcnNhAAAAAwEAAQAAAgEAv153nwwRoXABmFHFYppv2Zjn891sbtBbX8AuP2YX\nupAVonN0jk35SIkEEr7oaJ7ObbAyvZNDLaP7AG6aEttkF8FRZUHYSCxeJz5dJWRT\nRw+Y+w4fj8vXvoLX9criGHL+AObhVVp7Hh/GKgmrftpBnxlPcV1QDkadU3kE6Oke\nRpI8lR5rdJTfSvvvX7bAM8JQpjmXxMcHh1sd+TlgMI5fRvXTVgx269s8pJziBc0j\nQIyLierkw7JWbMUjB/+4qmDqpT7ELUOyu9BWJTLvGOKCftgOiBjMK6dKBM5X00pX\nk5rE4I2Mj6e1A28aKTMM39lCydrk5v8XU8wYq1dxAm31JTSAYiFibk+07IHHQsOI\nJ8BAqIPPmClxhvBA8K3GIqmwnSIlcSXUf0EA4bWxH02GFyiDEGbveanJFQ73aLIf\npfGvR/0ywBSnHoMRwM9thm6cbREyimQGMitWeXR63yoPT2nKcpr3vIiVW8DoaJAR\nkGnvjmGp7Eq4Ual9lIodOcqu6W1hak43gdVKAI7fjNqtWTfH2ULVzUg7hD8dJCE9\np0i7bBPV2OYi8nAG6jeAi39LQZ/s6S0S+PdCkbnbJlZr3TvfPQkx9+Nz2mWG8VcZ\nJgnwikAhxT0Byn+XtJ4MAOdFMHOEQVBV2dRQxaLEzeuHn/LH7fujyzPYmMu7ifpO\nIS8AAAc4MRIUIjESFCIAAAAHc3NoLXJzYQAAAgEAv153nwwRoXABmFHFYppv2Zjn\n891sbtBbX8AuP2YXupAVonN0jk35SIkEEr7oaJ7ObbAyvZNDLaP7AG6aEttkF8FR\nZUHYSCxeJz5dJWRTRw+Y+w4fj8vXvoLX9criGHL+AObhVVp7Hh/GKgmrftpBnxlP\ncV1QDkadU3kE6OkeRpI8lR5rdJTfSvvvX7bAM8JQpjmXxMcHh1sd+TlgMI5fRvXT\nVgx269s8pJziBc0jQIyLierkw7JWbMUjB/+4qmDqpT7ELUOyu9BWJTLvGOKCftgO\niBjMK6dKBM5X00pXk5rE4I2Mj6e1A28aKTMM39lCydrk5v8XU8wYq1dxAm31JTSA\nYiFibk+07IHHQsOIJ8BAqIPPmClxhvBA8K3GIqmwnSIlcSXUf0EA4bWxH02GFyiD\nEGbveanJFQ73aLIfpfGvR/0ywBSnHoMRwM9thm6cbREyimQGMitWeXR63yoPT2nK\ncpr3vIiVW8DoaJARkGnvjmGp7Eq4Ual9lIodOcqu6W1hak43gdVKAI7fjNqtWTfH\n2ULVzUg7hD8dJCE9p0i7bBPV2OYi8nAG6jeAi39LQZ/s6S0S+PdCkbnbJlZr3Tvf\nPQkx9+Nz2mWG8VcZJgnwikAhxT0Byn+XtJ4MAOdFMHOEQVBV2dRQxaLEzeuHn/LH\n7fujyzPYmMu7ifpOIS8AAAADAQABAAACACtitWf/ine5NwNbdo6WSMliWyP0jULK\nRgz9Ov7wnGyVgfIkjsY8c0m4lo3RbktZxZ8klTxZiJ9uT9eXO6MOzjB8iYGVXf1u\n4aGwB9oUVrUDmkFAwHMPWcg9TczRxFSarW9y6J87NjJsLbcWHiVSQhJZ4KLo7t9t\nrvlftHdBcrW5Lbb5AI+buMv9NhXTDtwtL6+f2wKnxNMxGyiHk4EupfcmgFU/2i46\ntBL15mA+U8Gsm24XLOoZInLidsC3fxxRgKEaC8vfT0Q5RW6Fj6Nqpv8u6Ix+Yrt6\n39MbHNowPo6eRghKzxU6hlVS+PFiO4b8cKHm2IJuTtGWsfkWh+5vE2aI7GNA/v98\n7oCVVxYB73fZFPfXC76RRU73NHR9dnN3hAnM7ARRY6kQyH6yExlzubl57+wKd0o2\nqTlBNrwnerUq1eSlrTKDNdVzidPLhSPGpOuDa8N2MCOJMcPvbjJLmLDsjrmpWSrS\nk2GRG9j8lp5S2PHH9ekp/o/lEmph7LxXq0sFgA+ANq+AB0FvN72BegmHJ3R1zBYH\n8NgjtqwsUQIrK27sDyzySsQikhnoaFuj+G6b8/wj7jGT945llrS7e9iyTtKmZrbI\nF3dy9XpuTfMomryDKvnglcxJqQDPLtgtUVn0qf5rblevAt14txCYu3+sDEZmPKM6\ntnqqw51Yq29BAAABAD6opYdyzyqBe3v7t7ohHH34Lr1Pge8+rsQcmciN/Nt01Cww\nZeFMSwjwOK+2KddwUzvvDlIuNdz7I4N+jzCPxZApc4Augm59GFoKfGFR/PJWMbDI\n1GRT6CGL92iaUYfbWt4ujq19cRWMvdQzndnIk7RSYC9P5ob7q07UAx0miz+jsUNB\novcbluPi8e8brtlvStR1N5qd/szT1HwhxKPYITmJK5JiB0XfBM6w1cEfwd5WSMgW\nzlOIktaXDdBNTY5d8CTjg45OVSx3mMySL9W5WVEWj0dAB0zMU8mlRIdaVwGU3Ljo\nGqf1jikqpEOBjfdlteh1M4mrHQk09MXbxdtsIasAAAEBAPhIleTRaX2Sb5VAuTI0\nhORMPqWbSNjzbSS1wD4ttG18DLLViBOSdEC99vhHuJvCGWXb/dznpYC4PA7LvqLO\nfNvhZI+aef4LbXZoudXmUZ8X1MMykEs9X9qtXM/3GPAeuq/5OgmijYuzBf71AQDr\nP+jLlV/2PH9O5NyVBjm4ilGMPE4a4yccLTVkxrRCuz04lJprSFsKL+N46tJYivYJ\nFfOS7mG/69mphhLPPs2pFY6lyYVuoj6EH3U7Ka6S2XkTv+kzKDRkgToGHZz08Td/\nAmrLgOoRWtTfwJnzzBeku1o65PCiu60JnBoVjPSjOX+cCOpkK6uJidQSVZVqZO6g\nuJ8AAAEBAMVRDbho5kp3tv2xLNHGbLa5b/eS350QV9A9fPjU5B8y7AMCSUIWlOaH\nFkCjIQmVLKpnScVqeYhbLakFxQm4QJguUKwbbG9NE/WM4qGSPteRykyz8aex8fXf\nKNIaOrzVqLmvezYRz+sZd8LA4ptSGMrlhWnpsyxZ64yIWrARdgWq866BVUj6L3cD\na/wEogo35SiPrRszGY0HPcmNtMnNYzAwnzL2cnNo8bvogfv64mDqEXEdRZbjHJkQ\nFX5kjTKEquohVKnpUifAyvk2Eqqa+bWUY/dpnQkQjXkSCG5s7x+jpwkaDS1dNeG/\nOkXHRe0bhCgguj2UdUgJb1VcNE5pfXEAAAAAAQID\n-----END OPENSSH PRIVATE KEY-----\n",
            "private_key_pem": "-----BEGIN RSA PRIVATE KEY-----\nMIIJKAIBAAKCAgEAv153nwwRoXABmFHFYppv2Zjn891sbtBbX8AuP2YXupAVonN0\njk35SIkEEr7oaJ7ObbAyvZNDLaP7AG6aEttkF8FRZUHYSCxeJz5dJWRTRw+Y+w4f\nj8vXvoLX9criGHL+AObhVVp7Hh/GKgmrftpBnxlPcV1QDkadU3kE6OkeRpI8lR5r\ndJTfSvvvX7bAM8JQpjmXxMcHh1sd+TlgMI5fRvXTVgx269s8pJziBc0jQIyLierk\nw7JWbMUjB/+4qmDqpT7ELUOyu9BWJTLvGOKCftgOiBjMK6dKBM5X00pXk5rE4I2M\nj6e1A28aKTMM39lCydrk5v8XU8wYq1dxAm31JTSAYiFibk+07IHHQsOIJ8BAqIPP\nmClxhvBA8K3GIqmwnSIlcSXUf0EA4bWxH02GFyiDEGbveanJFQ73aLIfpfGvR/0y\nwBSnHoMRwM9thm6cbREyimQGMitWeXR63yoPT2nKcpr3vIiVW8DoaJARkGnvjmGp\n7Eq4Ual9lIodOcqu6W1hak43gdVKAI7fjNqtWTfH2ULVzUg7hD8dJCE9p0i7bBPV\n2OYi8nAG6jeAi39LQZ/s6S0S+PdCkbnbJlZr3TvfPQkx9+Nz2mWG8VcZJgnwikAh\nxT0Byn+XtJ4MAOdFMHOEQVBV2dRQxaLEzeuHn/LH7fujyzPYmMu7ifpOIS8CAwEA\nAQKCAgArYrVn/4p3uTcDW3aOlkjJYlsj9I1CykYM/Tr+8JxslYHyJI7GPHNJuJaN\n0W5LWcWfJJU8WYifbk/XlzujDs4wfImBlV39buGhsAfaFFa1A5pBQMBzD1nIPU3M\n0cRUmq1vcuifOzYybC23Fh4lUkISWeCi6O7fba75X7R3QXK1uS22+QCPm7jL/TYV\n0w7cLS+vn9sCp8TTMRsoh5OBLqX3JoBVP9ouOrQS9eZgPlPBrJtuFyzqGSJy4nbA\nt38cUYChGgvL309EOUVuhY+jaqb/LuiMfmK7et/TGxzaMD6OnkYISs8VOoZVUvjx\nYjuG/HCh5tiCbk7RlrH5FofubxNmiOxjQP7/fO6AlVcWAe932RT31wu+kUVO9zR0\nfXZzd4QJzOwEUWOpEMh+shMZc7m5ee/sCndKNqk5QTa8J3q1KtXkpa0ygzXVc4nT\ny4UjxqTrg2vDdjAjiTHD724yS5iw7I65qVkq0pNhkRvY/JaeUtjxx/XpKf6P5RJq\nYey8V6tLBYAPgDavgAdBbze9gXoJhyd0dcwWB/DYI7asLFECKytu7A8s8krEIpIZ\n6Ghbo/hum/P8I+4xk/eOZZa0u3vYsk7Spma2yBd3cvV6bk3zKJq8gyr54JXMSakA\nzy7YLVFZ9Kn+a25XrwLdeLcQmLt/rAxGZjyjOrZ6qsOdWKtvQQKCAQEA+EiV5NFp\nfZJvlUC5MjSE5Ew+pZtI2PNtJLXAPi20bXwMstWIE5J0QL32+Ee4m8IZZdv93Oel\ngLg8Dsu+os582+Fkj5p5/gttdmi51eZRnxfUwzKQSz1f2q1cz/cY8B66r/k6CaKN\ni7MF/vUBAOs/6MuVX/Y8f07k3JUGObiKUYw8ThrjJxwtNWTGtEK7PTiUmmtIWwov\n43jq0liK9gkV85LuYb/r2amGEs8+zakVjqXJhW6iPoQfdTsprpLZeRO/6TMoNGSB\nOgYdnPTxN38CasuA6hFa1N/AmfPMF6S7Wjrk8KK7rQmcGhWM9KM5f5wI6mQrq4mJ\n1BJVlWpk7qC4nwKCAQEAxVENuGjmSne2/bEs0cZstrlv95LfnRBX0D18+NTkHzLs\nAwJJQhaU5ocWQKMhCZUsqmdJxWp5iFstqQXFCbhAmC5QrBtsb00T9YzioZI+15HK\nTLPxp7Hx9d8o0ho6vNWoua97NhHP6xl3wsDim1IYyuWFaemzLFnrjIhasBF2Barz\nroFVSPovdwNr/ASiCjflKI+tGzMZjQc9yY20yc1jMDCfMvZyc2jxu+iB+/riYOoR\ncR1FluMcmRAVfmSNMoSq6iFUqelSJ8DK+TYSqpr5tZRj92mdCRCNeRIIbmzvH6On\nCRoNLV014b86RcdF7RuEKCC6PZR1SAlvVVw0Tml9cQKCAQBM7pjbnPPWABDpK3P3\nFYT0BJgI0pQA/XSdQl/+JEVbA2wf4cBXaDLzeKlVB0wxnzQldsQzted3eh7J6uH4\nKolPzIhPYutYB4x0e0DSAZra9BRuI3XIiozwAnXWztcAWFU6f7w3DhJT7jX2aU5V\nTY+w/5wabv8R541MuDSEoCTj3dM11Gj8TmPHvqE/a8n+z1BkhMeXxhFOp8IDSYJN\neEVAAxAwY7qd6ERuAZ+RNEpEuCQ4Xy6QtnnU5m8k88XFGZSGmt5jVZ0hMJHud4ti\nyc0i8EnSvWvquCZCzeM4lEelTshvs8z5chfXkUPq7cS8QMoWbtGFRonZl5DDSoNZ\n2Z07AoIBAQC61IJvSDQ18qC8GdTcVEt/wJn6C4HcECt1q6L3YW0W9XpvZuzCvOsE\nVIiHb27Kygre1qoNWUH2EI9taV8mUuYmskQEknrb8FmjuWClp/oE17B7bC62oFEA\ng+r89YUEZDI8j6HUko0SiKzTJRvsAZIkG6t1m6jhp8rW6A0mhYIA39uYMjH0xZ/H\nyt+mYySjFEXRYCmChaH93QtuGtVB902hxYgYEy5PhODPEdpyIx3Ssg8N0a+grS7Y\n51fSs5bWbLQAuMqXj6sQpQYLbl3CWLd0bSsyizf760Zpit+c31yT0rtIbPhpKcbp\nF84vX/4gAlviOwrdYAKk0PowEvwb+tqhAoIBAD6opYdyzyqBe3v7t7ohHH34Lr1P\nge8+rsQcmciN/Nt01CwwZeFMSwjwOK+2KddwUzvvDlIuNdz7I4N+jzCPxZApc4Au\ngm59GFoKfGFR/PJWMbDI1GRT6CGL92iaUYfbWt4ujq19cRWMvdQzndnIk7RSYC9P\n5ob7q07UAx0miz+jsUNBovcbluPi8e8brtlvStR1N5qd/szT1HwhxKPYITmJK5Ji\nB0XfBM6w1cEfwd5WSMgWzlOIktaXDdBNTY5d8CTjg45OVSx3mMySL9W5WVEWj0dA\nB0zMU8mlRIdaVwGU3LjoGqf1jikqpEOBjfdlteh1M4mrHQk09MXbxdtsIas=\n-----END RSA PRIVATE KEY-----\n",
            "private_key_pem_pkcs8": "-----BEGIN PRIVATE KEY-----\nMIIJQgIBADANBgkqhkiG9w0BAQEFAASCCSwwggkoAgEAAoICAQC/XnefDBGhcAGY\nUcVimm/ZmOfz3Wxu0FtfwC4/Zhe6kBWic3SOTflIiQQSvuhons5tsDK9k0Mto/sA\nbpoS22QXwVFlQdhILF4nPl0lZFNHD5j7Dh+Py9e+gtf1yuIYcv4A5uFVWnseH8Yq\nCat+2kGfGU9xXVAORp1TeQTo6R5GkjyVHmt0lN9K++9ftsAzwlCmOZfExweHWx35\nOWAwjl9G9dNWDHbr2zyknOIFzSNAjIuJ6uTDslZsxSMH/7iqYOqlPsQtQ7K70FYl\nMu8Y4oJ+2A6IGMwrp0oEzlfTSleTmsTgjYyPp7UDbxopMwzf2ULJ2uTm/xdTzBir\nV3ECbfUlNIBiIWJuT7TsgcdCw4gnwECog8+YKXGG8EDwrcYiqbCdIiVxJdR/QQDh\ntbEfTYYXKIMQZu95qckVDvdosh+l8a9H/TLAFKcegxHAz22GbpxtETKKZAYyK1Z5\ndHrfKg9Pacpymve8iJVbwOhokBGQae+OYansSrhRqX2Uih05yq7pbWFqTjeB1UoA\njt+M2q1ZN8fZQtXNSDuEPx0kIT2nSLtsE9XY5iLycAbqN4CLf0tBn+zpLRL490KR\nudsmVmvdO989CTH343PaZYbxVxkmCfCKQCHFPQHKf5e0ngwA50Uwc4RBUFXZ1FDF\nosTN64ef8sft+6PLM9iYy7uJ+k4hLwIDAQABAoICACtitWf/ine5NwNbdo6WSMli\nWyP0jULKRgz9Ov7wnGyVgfIkjsY8c0m4lo3RbktZxZ8klTxZiJ9uT9eXO6MOzjB8\niYGVXf1u4aGwB9oUVrUDmkFAwHMPWcg9TczRxFSarW9y6J87NjJsLbcWHiVSQhJZ\n4KLo7t9trvlftHdBcrW5Lbb5AI+buMv9NhXTDtwtL6+f2wKnxNMxGyiHk4Eupfcm\ngFU/2i46tBL15mA+U8Gsm24XLOoZInLidsC3fxxRgKEaC8vfT0Q5RW6Fj6Nqpv8u\n6Ix+Yrt639MbHNowPo6eRghKzxU6hlVS+PFiO4b8cKHm2IJuTtGWsfkWh+5vE2aI\n7GNA/v987oCVVxYB73fZFPfXC76RRU73NHR9dnN3hAnM7ARRY6kQyH6yExlzubl5\n7+wKd0o2qTlBNrwnerUq1eSlrTKDNdVzidPLhSPGpOuDa8N2MCOJMcPvbjJLmLDs\njrmpWSrSk2GRG9j8lp5S2PHH9ekp/o/lEmph7LxXq0sFgA+ANq+AB0FvN72BegmH\nJ3R1zBYH8NgjtqwsUQIrK27sDyzySsQikhnoaFuj+G6b8/wj7jGT945llrS7e9iy\nTtKmZrbIF3dy9XpuTfMomryDKvnglcxJqQDPLtgtUVn0qf5rblevAt14txCYu3+s\nDEZmPKM6tnqqw51Yq29BAoIBAQD4SJXk0Wl9km+VQLkyNITkTD6lm0jY820ktcA+\nLbRtfAyy1YgTknRAvfb4R7ibwhll2/3c56WAuDwOy76iznzb4WSPmnn+C212aLnV\n5lGfF9TDMpBLPV/arVzP9xjwHrqv+ToJoo2LswX+9QEA6z/oy5Vf9jx/TuTclQY5\nuIpRjDxOGuMnHC01ZMa0Qrs9OJSaa0hbCi/jeOrSWIr2CRXzku5hv+vZqYYSzz7N\nqRWOpcmFbqI+hB91Oymuktl5E7/pMyg0ZIE6Bh2c9PE3fwJqy4DqEVrU38CZ88wX\npLtaOuTworutCZwaFYz0ozl/nAjqZCuriYnUElWVamTuoLifAoIBAQDFUQ24aOZK\nd7b9sSzRxmy2uW/3kt+dEFfQPXz41OQfMuwDAklCFpTmhxZAoyEJlSyqZ0nFanmI\nWy2pBcUJuECYLlCsG2xvTRP1jOKhkj7XkcpMs/GnsfH13yjSGjq81ai5r3s2Ec/r\nGXfCwOKbUhjK5YVp6bMsWeuMiFqwEXYFqvOugVVI+i93A2v8BKIKN+Uoj60bMxmN\nBz3JjbTJzWMwMJ8y9nJzaPG76IH7+uJg6hFxHUWW4xyZEBV+ZI0yhKrqIVSp6VIn\nwMr5NhKqmvm1lGP3aZ0JEI15EghubO8fo6cJGg0tXTXhvzpFx0XtG4QoILo9lHVI\nCW9VXDROaX1xAoIBAEzumNuc89YAEOkrc/cVhPQEmAjSlAD9dJ1CX/4kRVsDbB/h\nwFdoMvN4qVUHTDGfNCV2xDO153d6Hsnq4fgqiU/MiE9i61gHjHR7QNIBmtr0FG4j\ndciKjPACddbO1wBYVTp/vDcOElPuNfZpTlVNj7D/nBpu/xHnjUy4NISgJOPd0zXU\naPxOY8e+oT9ryf7PUGSEx5fGEU6nwgNJgk14RUADEDBjup3oRG4Bn5E0SkS4JDhf\nLpC2edTmbyTzxcUZlIaa3mNVnSEwke53i2LJzSLwSdK9a+q4JkLN4ziUR6VOyG+z\nzPlyF9eRQ+rtxLxAyhZu0YVGidmXkMNKg1nZnTsCggEBALrUgm9INDXyoLwZ1NxU\nS3/AmfoLgdwQK3WrovdhbRb1em9m7MK86wRUiIdvbsrKCt7Wqg1ZQfYQj21pXyZS\n5iayRASSetvwWaO5YKWn+gTXsHtsLragUQCD6vz1hQRkMjyPodSSjRKIrNMlG+wB\nkiQbq3WbqOGnytboDSaFggDf25gyMfTFn8fK36ZjJKMURdFgKYKFof3dC24a1UH3\nTaHFiBgTLk+E4M8R2nIjHdKyDw3Rr6CtLtjnV9KzltZstAC4ypePqxClBgtuXcJY\nt3RtKzKLN/vrRmmK35zfXJPSu0hs+GkpxukXzi9f/iACW+I7Ct1gAqTQ+jAS/Bv6\n2qECggEAPqilh3LPKoF7e/u3uiEcffguvU+B7z6uxByZyI3823TULDBl4UxLCPA4\nr7Yp13BTO+8OUi413Psjg36PMI/FkClzgC6Cbn0YWgp8YVH88lYxsMjUZFPoIYv3\naJpRh9ta3i6OrX1xFYy91DOd2ciTtFJgL0/mhvurTtQDHSaLP6OxQ0Gi9xuW4+Lx\n7xuu2W9K1HU3mp3+zNPUfCHEo9ghOYkrkmIHRd8EzrDVwR/B3lZIyBbOU4iS1pcN\n0E1Njl3wJOODjk5VLHeYzJIv1blZURaPR0AHTMxTyaVEh1pXAZTcuOgap/WOKSqk\nQ4GN92W16HUziasdCTT0xdvF22whqw==\n-----END PRIVATE KEY-----\n",
            "public_key_fingerprint_md5": "e0:3c:0a:dd:df:35:a9:2d:d8:84:31:73:36:9b:74:8d",
            "public_key_fingerprint_sha256": "SHA256:FajquAQ0qqpVDIyVRTma/DKxbdDrq5hfOWfrUM6cEqE",
            "public_key_openssh": "ssh-rsa AAAAB3NzaC1yc2EAAAADAQABAAACAQC/XnefDBGhcAGYUcVimm/ZmOfz3Wxu0FtfwC4/Zhe6kBWic3SOTflIiQQSvuhons5tsDK9k0Mto/sAbpoS22QXwVFlQdhILF4nPl0lZFNHD5j7Dh+Py9e+gtf1yuIYcv4A5uFVWnseH8YqCat+2kGfGU9xXVAORp1TeQTo6R5GkjyVHmt0lN9K++9ftsAzwlCmOZfExweHWx35OWAwjl9G9dNWDHbr2zyknOIFzSNAjIuJ6uTDslZsxSMH/7iqYOqlPsQtQ7K70FYlMu8Y4oJ+2A6IGMwrp0oEzlfTSleTmsTgjYyPp7UDbxopMwzf2ULJ2uTm/xdTzBirV3ECbfUlNIBiIWJuT7TsgcdCw4gnwECog8+YKXGG8EDwrcYiqbCdIiVxJdR/QQDhtbEfTYYXKIMQZu95qckVDvdosh+l8a9H/TLAFKcegxHAz22GbpxtETKKZAYyK1Z5dHrfKg9Pacpymve8iJVbwOhokBGQae+OYansSrhRqX2Uih05yq7pbWFqTjeB1UoAjt+M2q1ZN8fZQtXNSDuEPx0kIT2nSLtsE9XY5iLycAbqN4CLf0tBn+zpLRL490KRudsmVmvdO989CTH343PaZYbxVxkmCfCKQCHFPQHKf5e0ngwA50Uwc4RBUFXZ1FDFosTN64ef8sft+6PLM9iYy7uJ+k4hLw==\n",
            "public_key_pem": "-----BEGIN PUBLIC KEY-----\nMIICIjANBgkqhkiG9w0BAQEFAAOCAg8AMIICCgKCAgEAv153nwwRoXABmFHFYppv\n2Zjn891sbtBbX8AuP2YXupAVonN0jk35SIkEEr7oaJ7ObbAyvZNDLaP7AG6aEttk\nF8FRZUHYSCxeJz5dJWRTRw+Y+w4fj8vXvoLX9criGHL+AObhVVp7Hh/GKgmrftpB\nnxlPcV1QDkadU3kE6OkeRpI8lR5rdJTfSvvvX7bAM8JQpjmXxMcHh1sd+TlgMI5f\nRvXTVgx269s8pJziBc0jQIyLierkw7JWbMUjB/+4qmDqpT7ELUOyu9BWJTLvGOKC\nftgOiBjMK6dKBM5X00pXk5rE4I2Mj6e1A28aKTMM39lCydrk5v8XU8wYq1dxAm31\nJTSAYiFibk+07IHHQsOIJ8BAqIPPmClxhvBA8K3GIqmwnSIlcSXUf0EA4bWxH02G\nFyiDEGbveanJFQ73aLIfpfGvR/0ywBSnHoMRwM9thm6cbREyimQGMitWeXR63yoP\nT2nKcpr3vIiVW8DoaJARkGnvjmGp7Eq4Ual9lIodOcqu6W1hak43gdVKAI7fjNqt\nWTfH2ULVzUg7hD8dJCE9p0i7bBPV2OYi8nAG6jeAi39LQZ/s6S0S+PdCkbnbJlZr\n3TvfPQkx9+Nz2mWG8VcZJgnwikAhxT0Byn+XtJ4MAOdFMHOEQVBV2dRQxaLEzeuH\nn/LH7fujyzPYmMu7ifpOIS8CAwEAAQ==\n-----END PUBLIC KEY-----\n",
            "rsa_bits": 4096
          },
          "sensitive_attributes": [
            [
              {
                "type": "get_attr",
                "value": "private_key_openssh"
              }
            ],
            [
              {
                "type": "get_attr",
                "value": "private_key_pem"
              }
            ],
            [
              {
                "type": "get_attr",
                "value": "private_key_pem_pkcs8"
              }
            ]
          ],
          "identity_schema_version": 0
        }
      ]
    },
    {
      "module": "module.networking",
      "mode": "data",
      "type": "aws_availability_zones",
      "name": "available",
      "provider": "provider[\"registry.terraform.io/hashicorp/aws\"]",
      "instances": [
        {
          "schema_version": 0,
          "attributes": {
            "all_availability_zones": null,
            "exclude_names": null,
            "exclude_zone_ids": null,
            "filter": null,
            "group_names": [
              "ap-southeast-1-zg-1"
            ],
            "id": "ap-southeast-1",
            "names": [
              "ap-southeast-1a",
              "ap-southeast-1b",
              "ap-southeast-1c"
            ],
            "region": "ap-southeast-1",
            "state": null,
            "timeouts": null,
            "zone_ids": [
              "apse1-az1",
              "apse1-az2",
              "apse1-az3"
            ]
          },
          "sensitive_attributes": [],
          "identity_schema_version": 0
        }
      ]
    },
    {
      "module": "module.networking",
      "mode": "managed",
      "type": "aws_internet_gateway",
      "name": "demo-igw",
      "provider": "provider[\"registry.terraform.io/hashicorp/aws\"]",
      "instances": [
        {
          "schema_version": 0,
          "attributes": {
            "arn": "arn:aws:ec2:ap-southeast-1:535002865174:internet-gateway/igw-0b83085ea87b69b68",
            "id": "igw-0b83085ea87b69b68",
            "owner_id": "535002865174",
            "region": "ap-southeast-1",
            "tags": {
              "Name": "demo igw"
            },
            "tags_all": {
              "Name": "demo igw"
            },
            "timeouts": null,
            "vpc_id": "vpc-0c539d0abf40fe20b"
          },
          "sensitive_attributes": [],
          "identity_schema_version": 0,
          "private": "eyJlMmJmYjczMC1lY2FhLTExZTYtOGY4OC0zNDM2M2JjN2M0YzAiOnsiY3JlYXRlIjoxMjAwMDAwMDAwMDAwLCJkZWxldGUiOjEyMDAwMDAwMDAwMDAsInVwZGF0ZSI6MTIwMDAwMDAwMDAwMH19",
          "dependencies": [
            "module.networking.aws_vpc.demo-vpc"
          ]
        }
      ]
    },
    {
      "module": "module.networking",
      "mode": "managed",
      "type": "aws_route_table",
      "name": "demo-route-table",
      "provider": "provider[\"registry.terraform.io/hashicorp/aws\"]",
      "instances": [
        {
          "schema_version": 0,
          "attributes": {
            "arn": "arn:aws:ec2:ap-southeast-1:535002865174:route-table/rtb-021c1a885f7ede33f",
            "id": "rtb-021c1a885f7ede33f",
            "owner_id": "535002865174",
            "propagating_vgws": [],
            "region": "ap-southeast-1",
            "route": [
              {
                "carrier_gateway_id": "",
                "cidr_block": "0.0.0.0/0",
                "core_network_arn": "",
                "destination_prefix_list_id": "",
                "egress_only_gateway_id": "",
                "gateway_id": "igw-0b83085ea87b69b68",
                "ipv6_cidr_block": "",
                "local_gateway_id": "",
                "nat_gateway_id": "",
                "network_interface_id": "",
                "transit_gateway_id": "",
                "vpc_endpoint_id": "",
                "vpc_peering_connection_id": ""
              }
            ],
            "tags": {},
            "tags_all": {},
            "timeouts": null,
            "vpc_id": "vpc-0c539d0abf40fe20b"
          },
          "sensitive_attributes": [],
          "identity_schema_version": 0,
          "identity": {
            "account_id": "535002865174",
            "id": "rtb-021c1a885f7ede33f",
            "region": "ap-southeast-1"
          },
          "private": "eyJlMmJmYjczMC1lY2FhLTExZTYtOGY4OC0zNDM2M2JjN2M0YzAiOnsiY3JlYXRlIjozMDAwMDAwMDAwMDAsImRlbGV0ZSI6MzAwMDAwMDAwMDAwLCJ1cGRhdGUiOjEyMDAwMDAwMDAwMH19",
          "dependencies": [
            "module.networking.aws_internet_gateway.demo-igw",
            "module.networking.aws_vpc.demo-vpc"
          ]
        }
      ]
    },
    {
      "module": "module.networking",
      "mode": "managed",
      "type": "aws_route_table_association",
      "name": "demo-assoc",
      "provider": "provider[\"registry.terraform.io/hashicorp/aws\"]",
      "instances": [
        {
          "schema_version": 0,
          "attributes": {
            "gateway_id": "",
            "id": "rtbassoc-038a94c352963e7c7",
            "region": "ap-southeast-1",
            "route_table_id": "rtb-021c1a885f7ede33f",
            "subnet_id": "subnet-0a792997ad360787e",
            "timeouts": null
          },
          "sensitive_attributes": [],
          "identity_schema_version": 0,
          "private": "eyJlMmJmYjczMC1lY2FhLTExZTYtOGY4OC0zNDM2M2JjN2M0YzAiOnsiY3JlYXRlIjozMDAwMDAwMDAwMDAsImRlbGV0ZSI6MzAwMDAwMDAwMDAwLCJ1cGRhdGUiOjEyMDAwMDAwMDAwMH19",
          "dependencies": [
            "module.networking.aws_internet_gateway.demo-igw",
            "module.networking.aws_route_table.demo-route-table",
            "module.networking.aws_subnet.main-demo-subnet",
            "module.networking.aws_vpc.demo-vpc",
            "module.networking.data.aws_availability_zones.available"
          ]
        }
      ]
    },
    {
      "module": "module.networking",
      "mode": "managed",
      "type": "aws_security_group",
      "name": "demo-sg",
      "provider": "provider[\"registry.terraform.io/hashicorp/aws\"]",
      "instances": [
        {
          "schema_version": 1,
          "attributes": {
            "arn": "arn:aws:ec2:ap-southeast-1:535002865174:security-group/sg-0f93c105844563af6",
            "description": "allow internet \u0026 ssh",
            "egress": [
              {
                "cidr_blocks": [
                  "0.0.0.0/0"
                ],
                "description": "allow instance to internet",
                "from_port": 0,
                "ipv6_cidr_blocks": [],
                "prefix_list_ids": [],
                "protocol": "-1",
                "security_groups": [],
                "self": false,
                "to_port": 0
              }
            ],
            "id": "sg-0f93c105844563af6",
            "ingress": [
              {
                "cidr_blocks": [
                  "0.0.0.0/0"
                ],
                "description": "allow http from web",
                "from_port": 80,
                "ipv6_cidr_blocks": [],
                "prefix_list_ids": [],
                "protocol": "tcp",
                "security_groups": [],
                "self": false,
                "to_port": 80
              },
              {
                "cidr_blocks": [
                  "0.0.0.0/0"
                ],
                "description": "allow ssh to instance",
                "from_port": 22,
                "ipv6_cidr_blocks": [],
                "prefix_list_ids": [],
                "protocol": "tcp",
                "security_groups": [],
                "self": false,
                "to_port": 22
              }
            ],
            "name": "demo-sg",
            "name_prefix": "",
            "owner_id": "535002865174",
            "region": "ap-southeast-1",
            "revoke_rules_on_delete": false,
            "tags": {},
            "tags_all": {},
            "timeouts": null,
            "vpc_id": "vpc-0c539d0abf40fe20b"
          },
          "sensitive_attributes": [],
          "identity_schema_version": 0,
          "identity": {
            "account_id": "535002865174",
            "id": "sg-0f93c105844563af6",
            "region": "ap-southeast-1"
          },
          "private": "eyJlMmJmYjczMC1lY2FhLTExZTYtOGY4OC0zNDM2M2JjN2M0YzAiOnsiY3JlYXRlIjo2MDAwMDAwMDAwMDAsImRlbGV0ZSI6OTAwMDAwMDAwMDAwfSwic2NoZW1hX3ZlcnNpb24iOiIxIn0=",
          "dependencies": [
            "module.networking.aws_vpc.demo-vpc"
          ]
        }
      ]
    },
    {
      "module": "module.networking",
      "mode": "managed",
      "type": "aws_security_group_rule",
      "name": "egress_all",
      "provider": "provider[\"registry.terraform.io/hashicorp/aws\"]",
      "instances": [
        {
          "schema_version": 2,
          "attributes": {
            "cidr_blocks": [
              "0.0.0.0/0"
            ],
            "description": "allow instance to internet",
            "from_port": 0,
            "id": "sgrule-1971849748",
            "ipv6_cidr_blocks": null,
            "prefix_list_ids": null,
            "protocol": "-1",
            "region": "ap-southeast-1",
            "security_group_id": "sg-0f93c105844563af6",
            "security_group_rule_id": "sgr-04877c541ea58f892",
            "self": false,
            "source_security_group_id": null,
            "timeouts": null,
            "to_port": 0,
            "type": "egress"
          },
          "sensitive_attributes": [],
          "identity_schema_version": 0,
          "private": "eyJlMmJmYjczMC1lY2FhLTExZTYtOGY4OC0zNDM2M2JjN2M0YzAiOnsiY3JlYXRlIjozMDAwMDAwMDAwMDB9LCJzY2hlbWFfdmVyc2lvbiI6IjIifQ==",
          "dependencies": [
            "module.networking.aws_security_group.demo-sg",
            "module.networking.aws_vpc.demo-vpc"
          ]
        }
      ]
    },
    {
      "module": "module.networking",
      "mode": "managed",
      "type": "aws_security_group_rule",
      "name": "http",
      "provider": "provider[\"registry.terraform.io/hashicorp/aws\"]",
      "instances": [
        {
          "schema_version": 2,
          "attributes": {
            "cidr_blocks": [
              "0.0.0.0/0"
            ],
            "description": "allow http from web",
            "from_port": 80,
            "id": "sgrule-1687412142",
            "ipv6_cidr_blocks": null,
            "prefix_list_ids": null,
            "protocol": "tcp",
            "region": "ap-southeast-1",
            "security_group_id": "sg-0f93c105844563af6",
            "security_group_rule_id": "sgr-08da100da40d85adf",
            "self": false,
            "source_security_group_id": null,
            "timeouts": null,
            "to_port": 80,
            "type": "ingress"
          },
          "sensitive_attributes": [],
          "identity_schema_version": 0,
          "private": "eyJlMmJmYjczMC1lY2FhLTExZTYtOGY4OC0zNDM2M2JjN2M0YzAiOnsiY3JlYXRlIjozMDAwMDAwMDAwMDB9LCJzY2hlbWFfdmVyc2lvbiI6IjIifQ==",
          "dependencies": [
            "module.networking.aws_security_group.demo-sg",
            "module.networking.aws_vpc.demo-vpc"
          ]
        }
      ]
    },
    {
      "module": "module.networking",
      "mode": "managed",
      "type": "aws_security_group_rule",
      "name": "ssh",
      "provider": "provider[\"registry.terraform.io/hashicorp/aws\"]",
      "instances": [
        {
          "schema_version": 2,
          "attributes": {
            "cidr_blocks": [
              "0.0.0.0/0"
            ],
            "description": "allow ssh to instance",
            "from_port": 22,
            "id": "sgrule-3524886555",
            "ipv6_cidr_blocks": null,
            "prefix_list_ids": null,
            "protocol": "tcp",
            "region": "ap-southeast-1",
            "security_group_id": "sg-0f93c105844563af6",
            "security_group_rule_id": "sgr-044ab6dfa6af5a90c",
            "self": false,
            "source_security_group_id": null,
            "timeouts": null,
            "to_port": 22,
            "type": "ingress"
          },
          "sensitive_attributes": [],
          "identity_schema_version": 0,
          "private": "eyJlMmJmYjczMC1lY2FhLTExZTYtOGY4OC0zNDM2M2JjN2M0YzAiOnsiY3JlYXRlIjozMDAwMDAwMDAwMDB9LCJzY2hlbWFfdmVyc2lvbiI6IjIifQ==",
          "dependencies": [
            "module.networking.aws_security_group.demo-sg",
            "module.networking.aws_vpc.demo-vpc"
          ]
        }
      ]
    },
    {
      "module": "module.networking",
      "mode": "managed",
      "type": "aws_subnet",
      "name": "main-demo-subnet",
      "provider": "provider[\"registry.terraform.io/hashicorp/aws\"]",
      "instances": [
        {
          "schema_version": 1,
          "attributes": {
            "arn": "arn:aws:ec2:ap-southeast-1:535002865174:subnet/subnet-0a792997ad360787e",
            "assign_ipv6_address_on_creation": false,
            "availability_zone": "ap-southeast-1a",
            "availability_zone_id": "apse1-az1",
            "cidr_block": "10.0.1.0/24",
            "customer_owned_ipv4_pool": "",
            "enable_dns64": false,
            "enable_lni_at_device_index": 0,
            "enable_resource_name_dns_a_record_on_launch": false,
            "enable_resource_name_dns_aaaa_record_on_launch": false,
            "id": "subnet-0a792997ad360787e",
            "ipv6_cidr_block": "",
            "ipv6_cidr_block_association_id": "",
            "ipv6_native": false,
            "map_customer_owned_ip_on_launch": false,
            "map_public_ip_on_launch": true,
            "outpost_arn": "",
            "owner_id": "535002865174",
            "private_dns_hostname_type_on_launch": "ip-name",
            "region": "ap-southeast-1",
            "tags": {
              "Name": "demo-subnet"
            },
            "tags_all": {
              "Name": "demo-subnet"
            },
            "timeouts": null,
            "vpc_id": "vpc-0c539d0abf40fe20b"
          },
          "sensitive_attributes": [],
          "identity_schema_version": 0,
          "identity": {
            "account_id": "535002865174",
            "id": "subnet-0a792997ad360787e",
            "region": "ap-southeast-1"
          },
          "private": "eyJlMmJmYjczMC1lY2FhLTExZTYtOGY4OC0zNDM2M2JjN2M0YzAiOnsiY3JlYXRlIjo2MDAwMDAwMDAwMDAsImRlbGV0ZSI6MTIwMDAwMDAwMDAwMH0sInNjaGVtYV92ZXJzaW9uIjoiMSJ9",
          "dependencies": [
            "module.networking.aws_vpc.demo-vpc",
            "module.networking.data.aws_availability_zones.available"
          ]
        }
      ]
    },
    {
      "module": "module.networking",
      "mode": "managed",
      "type": "aws_vpc",
      "name": "demo-vpc",
      "provider": "provider[\"registry.terraform.io/hashicorp/aws\"]",
      "instances": [
        {
          "schema_version": 1,
          "attributes": {
            "arn": "arn:aws:ec2:ap-southeast-1:535002865174:vpc/vpc-0c539d0abf40fe20b",
            "assign_generated_ipv6_cidr_block": false,
            "cidr_block": "10.0.0.0/16",
            "default_network_acl_id": "acl-06c79672f1b34d08a",
            "default_route_table_id": "rtb-02a072b177b45379c",
            "default_security_group_id": "sg-01978a9c7e69ee382",
            "dhcp_options_id": "dopt-054fa052a480af4a5",
            "enable_dns_hostnames": true,
            "enable_dns_support": true,
            "enable_network_address_usage_metrics": false,
            "id": "vpc-0c539d0abf40fe20b",
            "instance_tenancy": "default",
            "ipv4_ipam_pool_id": null,
            "ipv4_netmask_length": null,
            "ipv6_association_id": "",
            "ipv6_cidr_block": "",
            "ipv6_cidr_block_network_border_group": "",
            "ipv6_ipam_pool_id": "",
            "ipv6_netmask_length": 0,
            "main_route_table_id": "rtb-02a072b177b45379c",
            "owner_id": "535002865174",
            "region": "ap-southeast-1",
            "tags": {
              "Name": "demo vpc"
            },
            "tags_all": {
              "Name": "demo vpc"
            }
          },
          "sensitive_attributes": [],
          "identity_schema_version": 0,
          "identity": {
            "account_id": "535002865174",
            "id": "vpc-0c539d0abf40fe20b",
            "region": "ap-southeast-1"
          },
          "private": "eyJzY2hlbWFfdmVyc2lvbiI6IjEifQ=="
        }
      ]
    }
  ],
  "check_results": null
}
